
Microsoft Visual Studio Solution File, Format Version 12.00
# Visual Studio Version 17
VisualStudioVersion = 17.1.32328.378
MinimumVisualStudioVersion = 10.0.40219.1
Project("{FAE04EC0-301F-11D3-BF4B-00C04F79EFBC}") = "CSharp.LabExercise3", "CSharp.LabExercise3.csproj", "{B6FAE6CF-2F7A-4952-A9B3-E0997D02015F}"
EndProject
Global
	GlobalSection(SolutionConfigurationPlatforms) = preSolution
		Debug|Any CPU = Debug|Any CPU
		Release|Any CPU = Release|Any CPU
	EndGlobalSection
	GlobalSection(ProjectConfigurationPlatforms) = postSolution
		{B6FAE6CF-2F7A-4952-A9B3-E0997D02015F}.Debug|Any CPU.ActiveCfg = Debug|Any CPU
		{B6FAE6CF-2F7A-4952-A9B3-E0997D02015F}.Debug|Any CPU.Build.0 = Debug|Any CPU
		{B6FAE6CF-2F7A-4952-A9B3-E0997D02015F}.Release|Any CPU.ActiveCfg = Release|Any CPU
		{B6FAE6CF-2F7A-4952-A9B3-E0997D02015F}.Release|Any CPU.Build.0 = Release|Any CPU
	EndGlobalSection
	GlobalSection(SolutionProperties) = preSolution
		HideSolutionNode = FALSE
	EndGlobalSection
	GlobalSection(ExtensibilityGlobals) = postSolution
		SolutionGuid = {8D7FD121-EC9D-4549-9CEB-4F0E7462E69A}
	EndGlobalSection
EndGlobal
